
Microsoft Visual Studio Solution File, Format Version 12.00
# Visual Studio 15
VisualStudioVersion = 15.0.27703.2047
MinimumVisualStudioVersion = 10.0.40219.1
Project("{FAE04EC0-301F-11D3-BF4B-00C04F79EFBC}") = "hihodata", "hihodata\hihodata.csproj", "{278D6F84-079E-4819-85DE-6523A2EF8AF1}"
EndProject
Global
	GlobalSection(SolutionConfigurationPlatforms) = preSolution
		Debug|Any CPU = Debug|Any CPU
		Release|Any CPU = Release|Any CPU
	EndGlobalSection
	GlobalSection(ProjectConfigurationPlatforms) = postSolution
		{278D6F84-079E-4819-85DE-6523A2EF8AF1}.Debug|Any CPU.ActiveCfg = Debug|Any CPU
		{278D6F84-079E-4819-85DE-6523A2EF8AF1}.Debug|Any CPU.Build.0 = Debug|Any CPU
		{278D6F84-079E-4819-85DE-6523A2EF8AF1}.Release|Any CPU.ActiveCfg = Release|Any CPU
		{278D6F84-079E-4819-85DE-6523A2EF8AF1}.Release|Any CPU.Build.0 = Release|Any CPU
	EndGlobalSection
	GlobalSection(SolutionProperties) = preSolution
		HideSolutionNode = FALSE
	EndGlobalSection
	GlobalSection(ExtensibilityGlobals) = postSolution
		SolutionGuid = {CEF13AB2-EC8F-4916-887F-AF46FFEB418C}
	EndGlobalSection
EndGlobal
